
Microsoft Visual Studio Solution File, Format Version 12.00
# Visual Studio Version 17
VisualStudioVersion = 17.9.34622.214
MinimumVisualStudioVersion = 10.0.40219.1
Project("{9A19103F-16F7-4668-BE54-9A1E7A4F7556}") = "BallsShop", "BallsShop\BallsShop.csproj", "{D00921E8-100C-4F8F-A1E1-B7A5C7E96900}"
EndProject
Project("{9A19103F-16F7-4668-BE54-9A1E7A4F7556}") = "BallsShop.Common", "BallsShop.Common\BallsShop.Common.csproj", "{BC03CA1C-E8AF-4ADB-B8FE-884BB76AB70F}"
EndProject
Project("{9A19103F-16F7-4668-BE54-9A1E7A4F7556}") = "BallsShop.Data", "BallsShop.Data\BallsShop.Data.csproj", "{61A277FF-F0B3-402D-B674-40649787B3B9}"
EndProject
Project("{9A19103F-16F7-4668-BE54-9A1E7A4F7556}") = "BallsShop.Data.Models", "BallsShop.Data.Models\BallsShop.Data.Models.csproj", "{F213A4C2-DE8C-4C27-B160-400E9612A816}"
EndProject
Project("{9A19103F-16F7-4668-BE54-9A1E7A4F7556}") = "BallsShop.Web.ViewModels", "BallsShop.Web.ViewModels\BallsShop.Web.ViewModels.csproj", "{D59971EF-632A-4280-883D-5D163A557635}"
EndProject
Global
	GlobalSection(SolutionConfigurationPlatforms) = preSolution
		Debug|Any CPU = Debug|Any CPU
		Release|Any CPU = Release|Any CPU
	EndGlobalSection
	GlobalSection(ProjectConfigurationPlatforms) = postSolution
		{D00921E8-100C-4F8F-A1E1-B7A5C7E96900}.Debug|Any CPU.ActiveCfg = Debug|Any CPU
		{D00921E8-100C-4F8F-A1E1-B7A5C7E96900}.Debug|Any CPU.Build.0 = Debug|Any CPU
		{D00921E8-100C-4F8F-A1E1-B7A5C7E96900}.Release|Any CPU.ActiveCfg = Release|Any CPU
		{D00921E8-100C-4F8F-A1E1-B7A5C7E96900}.Release|Any CPU.Build.0 = Release|Any CPU
		{BC03CA1C-E8AF-4ADB-B8FE-884BB76AB70F}.Debug|Any CPU.ActiveCfg = Debug|Any CPU
		{BC03CA1C-E8AF-4ADB-B8FE-884BB76AB70F}.Debug|Any CPU.Build.0 = Debug|Any CPU
		{BC03CA1C-E8AF-4ADB-B8FE-884BB76AB70F}.Release|Any CPU.ActiveCfg = Release|Any CPU
		{BC03CA1C-E8AF-4ADB-B8FE-884BB76AB70F}.Release|Any CPU.Build.0 = Release|Any CPU
		{61A277FF-F0B3-402D-B674-40649787B3B9}.Debug|Any CPU.ActiveCfg = Debug|Any CPU
		{61A277FF-F0B3-402D-B674-40649787B3B9}.Debug|Any CPU.Build.0 = Debug|Any CPU
		{61A277FF-F0B3-402D-B674-40649787B3B9}.Release|Any CPU.ActiveCfg = Release|Any CPU
		{61A277FF-F0B3-402D-B674-40649787B3B9}.Release|Any CPU.Build.0 = Release|Any CPU
		{F213A4C2-DE8C-4C27-B160-400E9612A816}.Debug|Any CPU.ActiveCfg = Debug|Any CPU
		{F213A4C2-DE8C-4C27-B160-400E9612A816}.Debug|Any CPU.Build.0 = Debug|Any CPU
		{F213A4C2-DE8C-4C27-B160-400E9612A816}.Release|Any CPU.ActiveCfg = Release|Any CPU
		{F213A4C2-DE8C-4C27-B160-400E9612A816}.Release|Any CPU.Build.0 = Release|Any CPU
		{D59971EF-632A-4280-883D-5D163A557635}.Debug|Any CPU.ActiveCfg = Debug|Any CPU
		{D59971EF-632A-4280-883D-5D163A557635}.Debug|Any CPU.Build.0 = Debug|Any CPU
		{D59971EF-632A-4280-883D-5D163A557635}.Release|Any CPU.ActiveCfg = Release|Any CPU
		{D59971EF-632A-4280-883D-5D163A557635}.Release|Any CPU.Build.0 = Release|Any CPU
	EndGlobalSection
	GlobalSection(SolutionProperties) = preSolution
		HideSolutionNode = FALSE
	EndGlobalSection
	GlobalSection(ExtensibilityGlobals) = postSolution
		SolutionGuid = {1D58E100-1A60-4553-8990-96C1ADABABB4}
	EndGlobalSection
EndGlobal
